
Microsoft Visual Studio Solution File, Format Version 12.00
# Visual Studio Version 16
VisualStudioVersion = 16.0.30907.101
MinimumVisualStudioVersion = 10.0.40219.1
Project("{FAE04EC0-301F-11D3-BF4B-00C04F79EFBC}") = "telemart-desktopApp", "telemart-desktopApp\telemart-desktopApp.csproj", "{34ECD180-6310-4C93-AE11-5399D3D70D7D}"
EndProject
Global
	GlobalSection(SolutionConfigurationPlatforms) = preSolution
		Debug|Any CPU = Debug|Any CPU
		Release|Any CPU = Release|Any CPU
	EndGlobalSection
	GlobalSection(ProjectConfigurationPlatforms) = postSolution
		{34ECD180-6310-4C93-AE11-5399D3D70D7D}.Debug|Any CPU.ActiveCfg = Debug|Any CPU
		{34ECD180-6310-4C93-AE11-5399D3D70D7D}.Debug|Any CPU.Build.0 = Debug|Any CPU
		{34ECD180-6310-4C93-AE11-5399D3D70D7D}.Release|Any CPU.ActiveCfg = Release|Any CPU
		{34ECD180-6310-4C93-AE11-5399D3D70D7D}.Release|Any CPU.Build.0 = Release|Any CPU
	EndGlobalSection
	GlobalSection(SolutionProperties) = preSolution
		HideSolutionNode = FALSE
	EndGlobalSection
	GlobalSection(ExtensibilityGlobals) = postSolution
		SolutionGuid = {CBD77836-97E9-4F93-B607-EE8FEC284EB5}
	EndGlobalSection
EndGlobal
